
Microsoft Visual Studio Solution File, Format Version 12.00
# Visual Studio 15
VisualStudioVersion = 15.0.27703.2035
MinimumVisualStudioVersion = 10.0.40219.1
Project("{2150E333-8FDC-42A3-9474-1A3956D46DE8}") = "Infrastructure", "Infrastructure", "{BB70B42D-43B8-4BA7-ACCA-485B22DEF667}"
EndProject
Project("{2150E333-8FDC-42A3-9474-1A3956D46DE8}") = "Repository", "Repository", "{8EAA8C45-3C25-475A-A532-EC937C8C1BBF}"
EndProject
Project("{2150E333-8FDC-42A3-9474-1A3956D46DE8}") = "UI", "UI", "{83AB300B-EEE7-41B7-A73D-1B7342101047}"
EndProject
Project("{2150E333-8FDC-42A3-9474-1A3956D46DE8}") = "Service", "Service", "{D068E32C-610F-48DE-88FB-F6175599F13F}"
EndProject
Project("{9A19103F-16F7-4668-BE54-9A1E7A4F7556}") = "RolePermission.Common", "RolePermission.Common\RolePermission.Common.csproj", "{62A89D84-995B-48E5-9304-ECAE1CC87A00}"
EndProject
Project("{9A19103F-16F7-4668-BE54-9A1E7A4F7556}") = "RolePermission.Model", "RolePermission.Model\RolePermission.Model.csproj", "{8D23C55B-FCFA-470A-B026-8B4ACF18675B}"
EndProject
Project("{9A19103F-16F7-4668-BE54-9A1E7A4F7556}") = "RolePermission.DAL", "RolePermission.Dal\RolePermission.DAL.csproj", "{85249325-7619-479B-AFDD-109CC7B40A4A}"
EndProject
Project("{9A19103F-16F7-4668-BE54-9A1E7A4F7556}") = "RolePermission.IDAL", "RolePermission.IDal\RolePermission.IDAL.csproj", "{8CAB1740-1F50-40B7-80B2-6287B43E4F29}"
EndProject
Project("{9A19103F-16F7-4668-BE54-9A1E7A4F7556}") = "RolePermission.BLL", "RolePermission.Bll\RolePermission.BLL.csproj", "{CEDDAAC1-8D1C-442C-8BDC-982E84AAB4F9}"
EndProject
Project("{9A19103F-16F7-4668-BE54-9A1E7A4F7556}") = "RolePermission.IBLL", "RolePermission.IBll\RolePermission.IBLL.csproj", "{EEEBD4BD-6BB1-41CB-8878-C37FC077DAA9}"
EndProject
Project("{9A19103F-16F7-4668-BE54-9A1E7A4F7556}") = "RolePermission.WebApp", "RolePermission.WebApp\RolePermission.WebApp.csproj", "{F02167DF-BC19-4616-B583-E8534DFBEC5D}"
EndProject
Project("{2150E333-8FDC-42A3-9474-1A3956D46DE8}") = "Test", "Test", "{9E9E7C67-D9FD-48FB-AD55-F8937771C1B3}"
EndProject
Project("{FAE04EC0-301F-11D3-BF4B-00C04F79EFBC}") = "UnitTestP", "UnitTestP\UnitTestP.csproj", "{502DC62C-B6A6-4F68-8BA1-DAE9325692CB}"
EndProject
Global
	GlobalSection(SolutionConfigurationPlatforms) = preSolution
		Debug|Any CPU = Debug|Any CPU
		Release|Any CPU = Release|Any CPU
	EndGlobalSection
	GlobalSection(ProjectConfigurationPlatforms) = postSolution
		{62A89D84-995B-48E5-9304-ECAE1CC87A00}.Debug|Any CPU.ActiveCfg = Debug|Any CPU
		{62A89D84-995B-48E5-9304-ECAE1CC87A00}.Debug|Any CPU.Build.0 = Debug|Any CPU
		{62A89D84-995B-48E5-9304-ECAE1CC87A00}.Release|Any CPU.ActiveCfg = Release|Any CPU
		{62A89D84-995B-48E5-9304-ECAE1CC87A00}.Release|Any CPU.Build.0 = Release|Any CPU
		{8D23C55B-FCFA-470A-B026-8B4ACF18675B}.Debug|Any CPU.ActiveCfg = Debug|Any CPU
		{8D23C55B-FCFA-470A-B026-8B4ACF18675B}.Debug|Any CPU.Build.0 = Debug|Any CPU
		{8D23C55B-FCFA-470A-B026-8B4ACF18675B}.Release|Any CPU.ActiveCfg = Release|Any CPU
		{8D23C55B-FCFA-470A-B026-8B4ACF18675B}.Release|Any CPU.Build.0 = Release|Any CPU
		{85249325-7619-479B-AFDD-109CC7B40A4A}.Debug|Any CPU.ActiveCfg = Debug|Any CPU
		{85249325-7619-479B-AFDD-109CC7B40A4A}.Debug|Any CPU.Build.0 = Debug|Any CPU
		{85249325-7619-479B-AFDD-109CC7B40A4A}.Release|Any CPU.ActiveCfg = Release|Any CPU
		{85249325-7619-479B-AFDD-109CC7B40A4A}.Release|Any CPU.Build.0 = Release|Any CPU
		{8CAB1740-1F50-40B7-80B2-6287B43E4F29}.Debug|Any CPU.ActiveCfg = Debug|Any CPU
		{8CAB1740-1F50-40B7-80B2-6287B43E4F29}.Debug|Any CPU.Build.0 = Debug|Any CPU
		{8CAB1740-1F50-40B7-80B2-6287B43E4F29}.Release|Any CPU.ActiveCfg = Release|Any CPU
		{8CAB1740-1F50-40B7-80B2-6287B43E4F29}.Release|Any CPU.Build.0 = Release|Any CPU
		{CEDDAAC1-8D1C-442C-8BDC-982E84AAB4F9}.Debug|Any CPU.ActiveCfg = Debug|Any CPU
		{CEDDAAC1-8D1C-442C-8BDC-982E84AAB4F9}.Debug|Any CPU.Build.0 = Debug|Any CPU
		{CEDDAAC1-8D1C-442C-8BDC-982E84AAB4F9}.Release|Any CPU.ActiveCfg = Release|Any CPU
		{CEDDAAC1-8D1C-442C-8BDC-982E84AAB4F9}.Release|Any CPU.Build.0 = Release|Any CPU
		{EEEBD4BD-6BB1-41CB-8878-C37FC077DAA9}.Debug|Any CPU.ActiveCfg = Debug|Any CPU
		{EEEBD4BD-6BB1-41CB-8878-C37FC077DAA9}.Debug|Any CPU.Build.0 = Debug|Any CPU
		{EEEBD4BD-6BB1-41CB-8878-C37FC077DAA9}.Release|Any CPU.ActiveCfg = Release|Any CPU
		{EEEBD4BD-6BB1-41CB-8878-C37FC077DAA9}.Release|Any CPU.Build.0 = Release|Any CPU
		{F02167DF-BC19-4616-B583-E8534DFBEC5D}.Debug|Any CPU.ActiveCfg = Debug|Any CPU
		{F02167DF-BC19-4616-B583-E8534DFBEC5D}.Debug|Any CPU.Build.0 = Debug|Any CPU
		{F02167DF-BC19-4616-B583-E8534DFBEC5D}.Release|Any CPU.ActiveCfg = Release|Any CPU
		{F02167DF-BC19-4616-B583-E8534DFBEC5D}.Release|Any CPU.Build.0 = Release|Any CPU
		{502DC62C-B6A6-4F68-8BA1-DAE9325692CB}.Debug|Any CPU.ActiveCfg = Debug|Any CPU
		{502DC62C-B6A6-4F68-8BA1-DAE9325692CB}.Debug|Any CPU.Build.0 = Debug|Any CPU
		{502DC62C-B6A6-4F68-8BA1-DAE9325692CB}.Release|Any CPU.ActiveCfg = Release|Any CPU
		{502DC62C-B6A6-4F68-8BA1-DAE9325692CB}.Release|Any CPU.Build.0 = Release|Any CPU
	EndGlobalSection
	GlobalSection(SolutionProperties) = preSolution
		HideSolutionNode = FALSE
	EndGlobalSection
	GlobalSection(NestedProjects) = preSolution
		{62A89D84-995B-48E5-9304-ECAE1CC87A00} = {BB70B42D-43B8-4BA7-ACCA-485B22DEF667}
		{8D23C55B-FCFA-470A-B026-8B4ACF18675B} = {BB70B42D-43B8-4BA7-ACCA-485B22DEF667}
		{85249325-7619-479B-AFDD-109CC7B40A4A} = {8EAA8C45-3C25-475A-A532-EC937C8C1BBF}
		{8CAB1740-1F50-40B7-80B2-6287B43E4F29} = {8EAA8C45-3C25-475A-A532-EC937C8C1BBF}
		{CEDDAAC1-8D1C-442C-8BDC-982E84AAB4F9} = {D068E32C-610F-48DE-88FB-F6175599F13F}
		{EEEBD4BD-6BB1-41CB-8878-C37FC077DAA9} = {D068E32C-610F-48DE-88FB-F6175599F13F}
		{F02167DF-BC19-4616-B583-E8534DFBEC5D} = {83AB300B-EEE7-41B7-A73D-1B7342101047}
		{502DC62C-B6A6-4F68-8BA1-DAE9325692CB} = {9E9E7C67-D9FD-48FB-AD55-F8937771C1B3}
	EndGlobalSection
	GlobalSection(ExtensibilityGlobals) = postSolution
		SolutionGuid = {696D1CB6-AE08-42D2-95A6-03DD552C0F04}
	EndGlobalSection
EndGlobal
